
Microsoft Visual Studio Solution File, Format Version 12.00
# Visual Studio Version 16
VisualStudioVersion = 16.0.31025.194
MinimumVisualStudioVersion = 10.0.40219.1
Project("{FAE04EC0-301F-11D3-BF4B-00C04F79EFBC}") = "HomeWork003", "HomeWork003.csproj", "{2F248BA2-73BC-4C7D-BEA0-87965CC3DAC6}"
EndProject
Global
	GlobalSection(SolutionConfigurationPlatforms) = preSolution
		Debug|Any CPU = Debug|Any CPU
		Release|Any CPU = Release|Any CPU
	EndGlobalSection
	GlobalSection(ProjectConfigurationPlatforms) = postSolution
		{2F248BA2-73BC-4C7D-BEA0-87965CC3DAC6}.Debug|Any CPU.ActiveCfg = Debug|Any CPU
		{2F248BA2-73BC-4C7D-BEA0-87965CC3DAC6}.Debug|Any CPU.Build.0 = Debug|Any CPU
		{2F248BA2-73BC-4C7D-BEA0-87965CC3DAC6}.Release|Any CPU.ActiveCfg = Release|Any CPU
		{2F248BA2-73BC-4C7D-BEA0-87965CC3DAC6}.Release|Any CPU.Build.0 = Release|Any CPU
	EndGlobalSection
	GlobalSection(SolutionProperties) = preSolution
		HideSolutionNode = FALSE
	EndGlobalSection
	GlobalSection(ExtensibilityGlobals) = postSolution
		SolutionGuid = {3BA60DF3-A1CB-4D7C-BE35-A53EDEDD177D}
	EndGlobalSection
EndGlobal
